
Microsoft Visual Studio Solution File, Format Version 12.00
# Visual Studio Version 17
VisualStudioVersion = 17.5.002.0
MinimumVisualStudioVersion = 10.0.40219.1
Project("{9A19103F-16F7-4668-BE54-9A1E7A4F7556}") = "tareaestructurad", "tareaestructurad\tareaestructurad.csproj", "{EAC7D505-7ED9-4084-9029-E4BDF1FA488B}"
EndProject
Project("{FAE04EC0-301F-11D3-BF4B-00C04F79EFBC}") = "Semana_13_Carmita", "Semana_13_Carmita\Semana_13_Carmita.csproj", "{981138B1-FC5C-4C87-8AD4-95420763C09A}"
EndProject
Global
	GlobalSection(SolutionConfigurationPlatforms) = preSolution
		Debug|Any CPU = Debug|Any CPU
		Release|Any CPU = Release|Any CPU
	EndGlobalSection
	GlobalSection(ProjectConfigurationPlatforms) = postSolution
		{EAC7D505-7ED9-4084-9029-E4BDF1FA488B}.Debug|Any CPU.ActiveCfg = Debug|Any CPU
		{EAC7D505-7ED9-4084-9029-E4BDF1FA488B}.Debug|Any CPU.Build.0 = Debug|Any CPU
		{EAC7D505-7ED9-4084-9029-E4BDF1FA488B}.Release|Any CPU.ActiveCfg = Release|Any CPU
		{EAC7D505-7ED9-4084-9029-E4BDF1FA488B}.Release|Any CPU.Build.0 = Release|Any CPU
		{981138B1-FC5C-4C87-8AD4-95420763C09A}.Debug|Any CPU.ActiveCfg = Debug|Any CPU
		{981138B1-FC5C-4C87-8AD4-95420763C09A}.Debug|Any CPU.Build.0 = Debug|Any CPU
		{981138B1-FC5C-4C87-8AD4-95420763C09A}.Release|Any CPU.ActiveCfg = Release|Any CPU
		{981138B1-FC5C-4C87-8AD4-95420763C09A}.Release|Any CPU.Build.0 = Release|Any CPU
	EndGlobalSection
	GlobalSection(SolutionProperties) = preSolution
		HideSolutionNode = FALSE
	EndGlobalSection
	GlobalSection(ExtensibilityGlobals) = postSolution
		SolutionGuid = {2FD024F7-2B9C-4CAF-B94D-518784CB449B}
	EndGlobalSection
EndGlobal
